{
  "name": "Arron",
  "lockfileVersion": 2,
  "requires": true,
  "packages": {
    "": {
      "dependencies": {
        "imask": "^6.6.1"
      }
    },
    "node_modules/imask": {
      "version": "6.6.1",
      "resolved": "https://registry.npmjs.org/imask/-/imask-6.6.1.tgz",
      "integrity": "sha512-3JfLZVYABpNUGZpObu92/+3ptwwNIHXWNYqCfS+OaHBmMhLKBAAnGa2oNJWLbx5r3EyWxnkFNb2bX5Dz4wLkuA==",
      "engines": {
        "npm": ">=4.0.0"
      }
    }
  },
  "dependencies": {
    "imask": {
      "version": "6.6.1",
      "resolved": "https://registry.npmjs.org/imask/-/imask-6.6.1.tgz",
      "integrity": "sha512-3JfLZVYABpNUGZpObu92/+3ptwwNIHXWNYqCfS+OaHBmMhLKBAAnGa2oNJWLbx5r3EyWxnkFNb2bX5Dz4wLkuA=="
    }
  }
}
